<?xml version="1.0" encoding="utf-8"?>
<Project ToolsVersion="4.0" xmlns="http://schemas.microsoft.com/developer/msbuild/2003">
  <ItemGroup>
    <Filter Include="Server">
      <UniqueIdentifier>{4FC737F1-C7A5-4376-A066-2A32D752A2FF}</UniqueIdentifier>
    </Filter>
    <Filter Include="PacketHandler">
      <UniqueIdentifier>{93995380-89BD-4b04-88EB-625FBE52EBFB}</UniqueIdentifier>
    </Filter>
    <Filter Include="Database">
      <UniqueIdentifier>{67DA6AB6-F800-4c08-8B7A-83BB121AAD01}</UniqueIdentifier>
    </Filter>
  </ItemGroup>

  <ItemGroup>
    <!-- Server -->
    <ClCompile Include="main.cpp">
      <Filter>Server</Filter>
    </ClCompile>
    <ClCompile Include="src\TestDBServer.cpp">
      <Filter>Server</Filter>
    </ClCompile>
    <ClInclude Include="include\TestDBServer.h">
      <Filter>Server</Filter>
    </ClInclude>

    <!-- PacketHandler -->
    <ClCompile Include="src\ServerPacketHandler.cpp">
      <Filter>PacketHandler</Filter>
    </ClCompile>
    <ClInclude Include="include\ServerPacketHandler.h">
      <Filter>PacketHandler</Filter>
    </ClInclude>

    <!-- Database -->
    <ClCompile Include="src\DBPingTimeManager.cpp">
      <Filter>Database</Filter>
    </ClCompile>
    <ClCompile Include="src\ServerLatencyManager.cpp">
      <Filter>Database</Filter>
    </ClCompile>
    <ClCompile Include="src\OrderedTaskQueue.cpp">
      <Filter>Database</Filter>
    </ClCompile>
    <ClInclude Include="include\DBPingTimeManager.h">
      <Filter>Database</Filter>
    </ClInclude>
    <ClInclude Include="include\ServerLatencyManager.h">
      <Filter>Database</Filter>
    </ClInclude>
    <ClInclude Include="include\OrderedTaskQueue.h">
      <Filter>Database</Filter>
    </ClInclude>
  </ItemGroup>
</Project>
