Microsoft Visual Studio Solution File, Format Version 12.00
# Visual Studio Version 17
VisualStudioVersion = 17.14.36408.4
MinimumVisualStudioVersion = 10.0.40219.1
Project("{2150E333-8FDC-42A3-9474-1A3956D46DE8}") = "1.Thirdparty", "1.Thirdparty", "{C8D5274F-AC00-46C7-1F8D-E88E81087A52}"
EndProject
Project("{2150E333-8FDC-42A3-9474-1A3956D46DE8}") = "2.Lib", "2.Lib", "{89246865-B165-45C2-BC71-2C0ED2FF2D28}"
EndProject
Project("{2150E333-8FDC-42A3-9474-1A3956D46DE8}") = "3.Server", "3.Server", "{64F85B57-2547-4C77-B9B3-DE353693C7F1}"
EndProject
Project("{2150E333-8FDC-42A3-9474-1A3956D46DE8}") = "9.Test", "9.Test", "{4A9EEE95-0442-4177-93DE-EDC1F18DA2E0}"
EndProject
Project("{2150E333-8FDC-42A3-9474-1A3956D46DE8}") = "8.Client", "8.Client", "{6EA6A936-3571-4B99-AF90-15628BF9337F}"
EndProject
Project("{2150E333-8FDC-42A3-9474-1A3956D46DE8}") = "ModuleTest", "ModuleTest", "{A1B2C3D4-E5F6-7890-ABCD-EF1234567891}"
EndProject
Project("{2150E333-8FDC-42A3-9474-1A3956D46DE8}") = "Documentation", "Documentation", "{9A33AC95-D8A2-4079-9534-5C3B07AF956C}"
	ProjectSection(SolutionItems) = preProject
		README.md = README.md
		Doc\README.md = Doc\README.md
		Doc\01_ProjectOverview.md = Doc\01_ProjectOverview.md
		Doc\02_Architecture.md = Doc\02_Architecture.md
		Doc\03_Protocol.md = Doc\03_Protocol.md
		Doc\04_API.md = Doc\04_API.md
		Doc\05_DevelopmentGuide.md = Doc\05_DevelopmentGuide.md
		Doc\06_SolutionGuide.md = Doc\06_SolutionGuide.md
	EndProjectSection
EndProject
Project("{8BC9CEB8-8B4A-11D0-8D11-00A0C91BC942}") = "ServerEngine", "Server\ServerEngine\ServerEngine.vcxproj", "{6EA11C87-7C8E-4AB0-973A-792CDC33894D}"
EndProject
Project("{8BC9CEB8-8B4A-11D0-8D11-00A0C91BC942}") = "TestServer", "Server\TestServer\TestServer.vcxproj", "{AAAC174E-3170-4321-B390-303B3AFC2F5C}"
EndProject
Project("{8BC9CEB8-8B4A-11D0-8D11-00A0C91BC942}") = "TestDBServer", "Server\DBServer\TestDBServer.vcxproj", "{C0003D60-E384-4C68-A4B5-0E0DA4D62A41}"
EndProject
Project("{8BC9CEB8-8B4A-11D0-8D11-00A0C91BC942}") = "TestClient", "Client\TestClient\TestClient.vcxproj", "{B044DB16-ED2D-49C3-9038-BCEF9E57DFFF}"
EndProject
Project("{8BC9CEB8-8B4A-11D0-8D11-00A0C91BC942}") = "DBModuleTest", "ModuleTest\DBModuleTest\DBModuleTest.vcxproj", "{A1B2C3D4-E5F6-7890-ABCD-EF1234567890}"
EndProject
Project("{8BC9CEB8-8B4A-11D0-8D11-00A0C91BC942}") = "MultiPlatformNetwork", "ModuleTest\MultiPlatformNetwork\MultiPlatformNetwork.vcxproj", "{A1B2C3D4-E5F6-7890-ABCD-EF1234567892}"
EndProject
Project("{8BC9CEB8-8B4A-11D0-8D11-00A0C91BC942}") = "RIOTest", "Server\Tests\RIOTest\RIOTest.vcxproj", "{1A2B3C4D-5E6F-7890-ABCD-EF1234567801}"
EndProject
Project("{8BC9CEB8-8B4A-11D0-8D11-00A0C91BC942}") = "IOUringTest", "Server\Tests\IOUringTest\IOUringTest.vcxproj", "{2B3C4D5E-6F7A-8901-BCDE-F01234567802}"
EndProject
Global
	GlobalSection(SolutionConfigurationPlatforms) = preSolution
		Debug|x64 = Debug|x64
		Debug|x86 = Debug|x86
		Release|x64 = Release|x64
		Release|x86 = Release|x86
	EndGlobalSection
	GlobalSection(ProjectConfigurationPlatforms) = postSolution
		{6EA11C87-7C8E-4AB0-973A-792CDC33894D}.Debug|x64.ActiveCfg = Debug|x64
		{6EA11C87-7C8E-4AB0-973A-792CDC33894D}.Debug|x64.Build.0 = Debug|x64
		{6EA11C87-7C8E-4AB0-973A-792CDC33894D}.Debug|x86.ActiveCfg = Debug|Win32
		{6EA11C87-7C8E-4AB0-973A-792CDC33894D}.Debug|x86.Build.0 = Debug|Win32
		{6EA11C87-7C8E-4AB0-973A-792CDC33894D}.Release|x64.ActiveCfg = Release|x64
		{6EA11C87-7C8E-4AB0-973A-792CDC33894D}.Release|x64.Build.0 = Release|x64
		{6EA11C87-7C8E-4AB0-973A-792CDC33894D}.Release|x86.ActiveCfg = Release|Win32
		{6EA11C87-7C8E-4AB0-973A-792CDC33894D}.Release|x86.Build.0 = Release|Win32
		{AAAC174E-3170-4321-B390-303B3AFC2F5C}.Debug|x64.ActiveCfg = Debug|x64
		{AAAC174E-3170-4321-B390-303B3AFC2F5C}.Debug|x64.Build.0 = Debug|x64
		{AAAC174E-3170-4321-B390-303B3AFC2F5C}.Debug|x86.ActiveCfg = Debug|Win32
		{AAAC174E-3170-4321-B390-303B3AFC2F5C}.Debug|x86.Build.0 = Debug|Win32
		{AAAC174E-3170-4321-B390-303B3AFC2F5C}.Release|x64.ActiveCfg = Release|x64
		{AAAC174E-3170-4321-B390-303B3AFC2F5C}.Release|x64.Build.0 = Release|x64
		{AAAC174E-3170-4321-B390-303B3AFC2F5C}.Release|x86.ActiveCfg = Release|Win32
		{AAAC174E-3170-4321-B390-303B3AFC2F5C}.Release|x86.Build.0 = Release|Win32
		{B044DB16-ED2D-49C3-9038-BCEF9E57DFFF}.Debug|x64.ActiveCfg = Debug|x64
		{B044DB16-ED2D-49C3-9038-BCEF9E57DFFF}.Debug|x64.Build.0 = Debug|x64
		{B044DB16-ED2D-49C3-9038-BCEF9E57DFFF}.Debug|x86.ActiveCfg = Debug|Win32
		{B044DB16-ED2D-49C3-9038-BCEF9E57DFFF}.Debug|x86.Build.0 = Debug|Win32
		{B044DB16-ED2D-49C3-9038-BCEF9E57DFFF}.Release|x64.ActiveCfg = Release|x64
		{B044DB16-ED2D-49C3-9038-BCEF9E57DFFF}.Release|x64.Build.0 = Release|x64
		{B044DB16-ED2D-49C3-9038-BCEF9E57DFFF}.Release|x86.ActiveCfg = Release|Win32
		{B044DB16-ED2D-49C3-9038-BCEF9E57DFFF}.Release|x86.Build.0 = Release|Win32
		{A1B2C3D4-E5F6-7890-ABCD-EF1234567890}.Debug|x64.ActiveCfg = Debug|x64
		{A1B2C3D4-E5F6-7890-ABCD-EF1234567890}.Debug|x64.Build.0 = Debug|x64
		{A1B2C3D4-E5F6-7890-ABCD-EF1234567890}.Debug|x86.ActiveCfg = Debug|Win32
		{A1B2C3D4-E5F6-7890-ABCD-EF1234567890}.Debug|x86.Build.0 = Debug|Win32
		{A1B2C3D4-E5F6-7890-ABCD-EF1234567890}.Release|x64.ActiveCfg = Release|x64
		{A1B2C3D4-E5F6-7890-ABCD-EF1234567890}.Release|x64.Build.0 = Release|x64
		{A1B2C3D4-E5F6-7890-ABCD-EF1234567890}.Release|x86.ActiveCfg = Release|Win32
		{A1B2C3D4-E5F6-7890-ABCD-EF1234567890}.Release|x86.Build.0 = Release|Win32
		{A1B2C3D4-E5F6-7890-ABCD-EF1234567892}.Debug|x64.ActiveCfg = Debug|x64
		{A1B2C3D4-E5F6-7890-ABCD-EF1234567892}.Debug|x86.ActiveCfg = Debug|Win32
		{A1B2C3D4-E5F6-7890-ABCD-EF1234567892}.Release|x64.ActiveCfg = Release|x64
		{A1B2C3D4-E5F6-7890-ABCD-EF1234567892}.Release|x86.ActiveCfg = Release|Win32
		{C0003D60-E384-4C68-A4B5-0E0DA4D62A41}.Debug|x64.ActiveCfg = Debug|x64
		{C0003D60-E384-4C68-A4B5-0E0DA4D62A41}.Debug|x64.Build.0 = Debug|x64
		{C0003D60-E384-4C68-A4B5-0E0DA4D62A41}.Debug|x86.ActiveCfg = Debug|Win32
		{C0003D60-E384-4C68-A4B5-0E0DA4D62A41}.Debug|x86.Build.0 = Debug|Win32
		{C0003D60-E384-4C68-A4B5-0E0DA4D62A41}.Release|x64.ActiveCfg = Release|x64
		{C0003D60-E384-4C68-A4B5-0E0DA4D62A41}.Release|x64.Build.0 = Release|x64
		{C0003D60-E384-4C68-A4B5-0E0DA4D62A41}.Release|x86.ActiveCfg = Release|Win32
		{C0003D60-E384-4C68-A4B5-0E0DA4D62A41}.Release|x86.Build.0 = Release|Win32
		{1A2B3C4D-5E6F-7890-ABCD-EF1234567801}.Debug|x64.ActiveCfg = Debug|x64
		{1A2B3C4D-5E6F-7890-ABCD-EF1234567801}.Debug|x64.Build.0 = Debug|x64
		{1A2B3C4D-5E6F-7890-ABCD-EF1234567801}.Debug|x86.ActiveCfg = Debug|Win32
		{1A2B3C4D-5E6F-7890-ABCD-EF1234567801}.Debug|x86.Build.0 = Debug|Win32
		{1A2B3C4D-5E6F-7890-ABCD-EF1234567801}.Release|x64.ActiveCfg = Release|x64
		{1A2B3C4D-5E6F-7890-ABCD-EF1234567801}.Release|x64.Build.0 = Release|x64
		{1A2B3C4D-5E6F-7890-ABCD-EF1234567801}.Release|x86.ActiveCfg = Release|Win32
		{1A2B3C4D-5E6F-7890-ABCD-EF1234567801}.Release|x86.Build.0 = Release|Win32
		{2B3C4D5E-6F7A-8901-BCDE-F01234567802}.Debug|x64.ActiveCfg = Debug|x64
		{2B3C4D5E-6F7A-8901-BCDE-F01234567802}.Debug|x64.Build.0 = Debug|x64
		{2B3C4D5E-6F7A-8901-BCDE-F01234567802}.Debug|x86.ActiveCfg = Debug|Win32
		{2B3C4D5E-6F7A-8901-BCDE-F01234567802}.Debug|x86.Build.0 = Debug|Win32
		{2B3C4D5E-6F7A-8901-BCDE-F01234567802}.Release|x64.ActiveCfg = Release|x64
		{2B3C4D5E-6F7A-8901-BCDE-F01234567802}.Release|x64.Build.0 = Release|x64
		{2B3C4D5E-6F7A-8901-BCDE-F01234567802}.Release|x86.ActiveCfg = Release|Win32
		{2B3C4D5E-6F7A-8901-BCDE-F01234567802}.Release|x86.Build.0 = Release|Win32
	EndGlobalSection
	GlobalSection(SolutionProperties) = preSolution
		HideSolutionNode = FALSE
	EndGlobalSection
	GlobalSection(NestedProjects) = preSolution
		{6EA11C87-7C8E-4AB0-973A-792CDC33894D} = {89246865-B165-45C2-BC71-2C0ED2FF2D28}
		{AAAC174E-3170-4321-B390-303B3AFC2F5C} = {64F85B57-2547-4C77-B9B3-DE353693C7F1}
		{C0003D60-E384-4C68-A4B5-0E0DA4D62A41} = {64F85B57-2547-4C77-B9B3-DE353693C7F1}
		{B044DB16-ED2D-49C3-9038-BCEF9E57DFFF} = {6EA6A936-3571-4B99-AF90-15628BF9337F}
		{A1B2C3D4-E5F6-7890-ABCD-EF1234567890} = {A1B2C3D4-E5F6-7890-ABCD-EF1234567891}
		{A1B2C3D4-E5F6-7890-ABCD-EF1234567892} = {A1B2C3D4-E5F6-7890-ABCD-EF1234567891}
		{1A2B3C4D-5E6F-7890-ABCD-EF1234567801} = {4A9EEE95-0442-4177-93DE-EDC1F18DA2E0}
		{2B3C4D5E-6F7A-8901-BCDE-F01234567802} = {4A9EEE95-0442-4177-93DE-EDC1F18DA2E0}
	EndGlobalSection
	GlobalSection(ExtensibilityGlobals) = postSolution
		SolutionGuid = {F2FD9EF4-971C-4C61-8A7C-C9C95FEE95F1}
	EndGlobalSection
EndGlobal
