<?xml version="1.0" encoding="utf-8"?>
<Project ToolsVersion="4.0" xmlns="http://schemas.microsoft.com/developer/msbuild/2003">
  <ItemGroup>
    <Filter Include="Core">
      <UniqueIdentifier>{93995380-89BD-4b04-88EB-625FBE52EBFB}</UniqueIdentifier>
    </Filter>
    <Filter Include="Platform">
      <UniqueIdentifier>{4FC737F1-C7A5-4376-A066-2A32D752A2FF}</UniqueIdentifier>
    </Filter>
    <Filter Include="Test">
      <UniqueIdentifier>{67DA6AB6-F800-4c08-8B7A-83BB121AAD01}</UniqueIdentifier>
    </Filter>
  </ItemGroup>
  <ItemGroup>
    <ClInclude Include="AsyncIOProvider.h">
      <Filter>Core</Filter>
    </ClInclude>
    <ClInclude Include="PlatformDetect.h">
      <Filter>Core</Filter>
    </ClInclude>
    <ClInclude Include="IocpAsyncIOProvider.h">
      <Filter>Platform</Filter>
    </ClInclude>
    <ClInclude Include="EpollAsyncIOProvider.h">
      <Filter>Platform</Filter>
    </ClInclude>
    <ClInclude Include="IOUringAsyncIOProvider.h">
      <Filter>Platform</Filter>
    </ClInclude>
    <ClInclude Include="KqueueAsyncIOProvider.h">
      <Filter>Platform</Filter>
    </ClInclude>
    <ClInclude Include="RIOAsyncIOProvider.h">
      <Filter>Platform</Filter>
    </ClInclude>
  </ItemGroup>
  <ItemGroup>
    <ClCompile Include="AsyncIOProvider.cpp">
      <Filter>Core</Filter>
    </ClCompile>
    <ClCompile Include="PlatformDetect.cpp">
      <Filter>Core</Filter>
    </ClCompile>
    <ClCompile Include="IocpAsyncIOProvider.cpp">
      <Filter>Platform</Filter>
    </ClCompile>
    <ClCompile Include="EpollAsyncIOProvider.cpp">
      <Filter>Platform</Filter>
    </ClCompile>
    <ClCompile Include="IOUringAsyncIOProvider.cpp">
      <Filter>Platform</Filter>
    </ClCompile>
    <ClCompile Include="KqueueAsyncIOProvider.cpp">
      <Filter>Platform</Filter>
    </ClCompile>
    <ClCompile Include="AsyncIOTest.cpp">
      <Filter>Test</Filter>
    </ClCompile>
    <ClCompile Include="RIOAsyncIOProvider.cpp">
      <Filter>Platform</Filter>
    </ClCompile>
  </ItemGroup>
</Project>