<?xml version="1.0" encoding="utf-8"?>
<Project ToolsVersion="4.0" xmlns="http://schemas.microsoft.com/developer/msbuild/2003">
  <ItemGroup>
    <Filter Include="Source Files">
      <UniqueIdentifier>{4FC737F1-C7A5-4376-A066-2A32D752A2FF}</UniqueIdentifier>
      <Extensions>cpp;c;cc;cxx;c++;cppm;ixx;def;odl;idl;hpj;bat;asm;asmx</Extensions>
    </Filter>
    <Filter Include="Header Files">
      <UniqueIdentifier>{93995380-89BD-4b04-88EB-625FBE52EBFB}</UniqueIdentifier>
      <Extensions>h;hh;hpp;hxx;h++;hm;inl;inc;ipp;xsd</Extensions>
    </Filter>
    <Filter Include="Resource Files">
      <UniqueIdentifier>{67DA6AB6-F800-4c08-8B7A-83BB121AAD01}</UniqueIdentifier>
      <Extensions>rc;ico;cur;bmp;dlg;rc2;rct;bin;rgs;gif;jpg;jpeg;jpe;resx;tiff;tif;png;wav;mfcribbon-ms</Extensions>
    </Filter>
    <Filter Include="ODBC">
      <UniqueIdentifier>{8BC9CEB8-8B4A-11D0-8D11-00A0C91BC943}</UniqueIdentifier>
    </Filter>
    <Filter Include="OLEDB">
      <UniqueIdentifier>{9BC9CEB8-8B4A-11D0-8D11-00A0C91BC944}</UniqueIdentifier>
    </Filter>
    <Filter Include="Samples">
      <UniqueIdentifier>{ABC9CEB8-8B4A-11D0-8D11-00A0C91BC945}</UniqueIdentifier>
    </Filter>
    <Filter Include="Tests">
      <UniqueIdentifier>{DEF9CEB8-8B4A-11D0-8D11-00A0C91BC946}</UniqueIdentifier>
    </Filter>
  </ItemGroup>
  <ItemGroup>
    <ClInclude Include="IDatabase.h">
      <Filter>Header Files</Filter>
    </ClInclude>
    <ClInclude Include="ODBCDatabase.h">
      <Filter>Header Files</Filter>
    </ClInclude>
    <ClInclude Include="OLEDBDatabase.h">
      <Filter>Header Files</Filter>
    </ClInclude>
  </ItemGroup>
  <ItemGroup>
    <ClCompile Include="DatabaseFactory.cpp">
      <Filter>Source Files</Filter>
    </ClCompile>
    <ClCompile Include="ODBCDatabase.cpp">
      <Filter>Source Files</Filter>
    </ClCompile>
    <ClCompile Include="OLEDBDatabase.cpp">
      <Filter>Source Files</Filter>
    </ClCompile>
  </ItemGroup>
  <ItemGroup>
    <None Include="odbc_sample.cpp">
      <Filter>Source Files</Filter>
    </None>
    <None Include="oledb_sample.cpp">
      <Filter>Source Files</Filter>
    </None>
    <None Include="test_database.cpp">
      <Filter>Source Files</Filter>
    </None>
  </ItemGroup>
  <ItemGroup>
    <Filter Include="Documentation">
      <UniqueIdentifier>{042EF0E6-187B-4837-B2BF-BF32F49984A5}</UniqueIdentifier>
    </Filter>
    <Filter Include="Documentation\Doc">
      <UniqueIdentifier>{0C71A0E0-5015-40E2-9A41-5A83094ACFA9}</UniqueIdentifier>
    </Filter>
  </ItemGroup>
  <ItemGroup>
    <None Include="Doc\README.md">
      <Filter>Documentation\Doc</Filter>
    </None>
    <None Include="Doc\README_SHORT.md">
      <Filter>Documentation\Doc</Filter>
    </None>
    <None Include="Doc\VERSION_SELECTOR.md">
      <Filter>Documentation\Doc</Filter>
    </None>
    <None Include="README.md">
      <Filter>Documentation</Filter>
    </None>
  </ItemGroup>
</Project>