<?xml version="1.0" encoding="utf-8"?>
<Project ToolsVersion="4.0" xmlns="http://schemas.microsoft.com/developer/msbuild/2003">
  <ItemGroup>
    <Filter Include="Source Files">
      <UniqueIdentifier>{7A30C92A-3D60-4306-9F43-01B9E2CF96F0}</UniqueIdentifier>
      <Extensions>cpp;c;cc;cxx;def;odl;idl;hpj;bat;asm;asmx</Extensions>
    </Filter>
    <Filter Include="Header Files">
      <UniqueIdentifier>{F7CA077C-8A4C-4A86-A36D-A540870F5A09}</UniqueIdentifier>
      <Extensions>h;hh;hpp;hxx;hm;inl;inc;ipp;xsd</Extensions>
    </Filter>
    <Filter Include="Proto Files">
      <UniqueIdentifier>{B1A40167-964F-433E-BDC7-6FF824C283A5}</UniqueIdentifier>
    </Filter>
  </ItemGroup>
  <ItemGroup>
    <ClCompile Include="src\main.cpp">
      <Filter>Source Files</Filter>
    </ClCompile>
    <ClCompile Include="src\RIOClient.cpp">
      <Filter>Source Files</Filter>
    </ClCompile>
    <ClCompile Include="src\RIONetwork.cpp">
      <Filter>Source Files</Filter>
    </ClCompile>
    <ClCompile Include="proto\echo_message.pb.cc">
      <Filter>Source Files</Filter>
    </ClCompile>
  </ItemGroup>
  <ItemGroup>
    <ClInclude Include="src\RIOClient.h">
      <Filter>Header Files</Filter>
    </ClInclude>
    <ClInclude Include="src\RIONetwork.h">
      <Filter>Header Files</Filter>
    </ClInclude>
    <ClInclude Include="proto\echo_message.pb.h">
      <Filter>Header Files</Filter>
    </ClInclude>
  </ItemGroup>
  <ItemGroup>
    <None Include="proto\echo_message.proto">
      <Filter>Proto Files</Filter>
    </None>
  </ItemGroup>
</Project>
