<?xml version="1.0" encoding="utf-8"?>
<Project ToolsVersion="4.0" xmlns="http://schemas.microsoft.com/developer/msbuild/2003">
  <ItemGroup>
    <!-- Root Filters -->
    <Filter Include="Core">
      <UniqueIdentifier>{4FC737F1-C7A5-4376-A066-2A32D752A2FF}</UniqueIdentifier>
    </Filter>
    <Filter Include="Interfaces">
      <UniqueIdentifier>{93995380-89BD-4b04-88EB-625FBE52EBFB}</UniqueIdentifier>
    </Filter>
    <Filter Include="Implementations">
      <UniqueIdentifier>{67DA6AB6-F800-4c08-8B7A-83BB121AAD01}</UniqueIdentifier>
    </Filter>
    <Filter Include="Utils">
      <UniqueIdentifier>{67DA6AB6-F800-4c08-8B7A-83BB121AAD02}</UniqueIdentifier>
    </Filter>
    <Filter Include="Tests">
      <UniqueIdentifier>{E0F26C9B-B0C6-5d6g-9F8E-0F9G4C3D2B1E}</UniqueIdentifier>
    </Filter>
    <Filter Include="Concurrency">
      <UniqueIdentifier>{A1B2C3D4-E5F6-7890-ABCD-EF1234567890}</UniqueIdentifier>
    </Filter>
    <Filter Include="Documentation">
      <UniqueIdentifier>{C7208E7F-31AB-4F71-AA51-3403F26FC837}</UniqueIdentifier>
    </Filter>
  </ItemGroup>

  <ItemGroup>
    <!-- Core - Network -->
    <Filter Include="Core\Network">
      <UniqueIdentifier>{4FC737F1-C7A5-4376-A066-2A32D752A301}</UniqueIdentifier>
    </Filter>
    <Filter Include="Core\Network\Interfaces">
      <UniqueIdentifier>{4FC737F1-C7A5-4376-A066-2A32D752A302}</UniqueIdentifier>
    </Filter>
    <Filter Include="Core\Network\Platforms">
      <UniqueIdentifier>{4FC737F1-C7A5-4376-A066-2A32D752A303}</UniqueIdentifier>
    </Filter>
    <Filter Include="Core\Network\Platforms\Windows">
      <UniqueIdentifier>{4FC737F1-C7A5-4376-A066-2A32D752A304}</UniqueIdentifier>
    </Filter>
    <Filter Include="Core\Network\Platforms\Linux">
      <UniqueIdentifier>{4FC737F1-C7A5-4376-A066-2A32D752A305}</UniqueIdentifier>
    </Filter>
    <Filter Include="Core\Network\Platforms\macOS">
      <UniqueIdentifier>{4FC737F1-C7A5-4376-A066-2A32D752A306}</UniqueIdentifier>
    </Filter>

    <!-- Network Core Files -->
    <ClInclude Include="Network\Core\NetworkEngine.h">
      <Filter>Core\Network\Interfaces</Filter>
    </ClInclude>
    <ClInclude Include="Network\Core\AsyncIOProvider.h">
      <Filter>Core\Network\Interfaces</Filter>
    </ClInclude>
    <ClInclude Include="Network\Core\BaseNetworkEngine.h">
      <Filter>Core\Network</Filter>
    </ClInclude>
    <ClInclude Include="Network\Core\PlatformDetect.h">
      <Filter>Core\Network</Filter>
    </ClInclude>
    <ClInclude Include="Network\Core\PacketDefine.h">
      <Filter>Core\Network</Filter>
    </ClInclude>
    <ClInclude Include="Network\Core\ServerPacketDefine.h">
      <Filter>Core\Network</Filter>
    </ClInclude>
    <ClInclude Include="Network\Core\Session.h">
      <Filter>Core\Network</Filter>
    </ClInclude>
    <ClInclude Include="Network\Core\SessionManager.h">
      <Filter>Core\Network</Filter>
    </ClInclude>

    <ClCompile Include="Network\Core\AsyncIOProvider.cpp">
      <Filter>Core\Network</Filter>
    </ClCompile>
    <ClCompile Include="Network\Core\BaseNetworkEngine.cpp">
      <Filter>Core\Network</Filter>
    </ClCompile>
    <ClCompile Include="Network\Core\NetworkEngineFactory.cpp">
      <Filter>Core\Network</Filter>
    </ClCompile>
    <ClCompile Include="Network\Core\PlatformDetect.cpp">
      <Filter>Core\Network</Filter>
    </ClCompile>
    <ClCompile Include="Network\Core\Session.cpp">
      <Filter>Core\Network</Filter>
    </ClCompile>
    <ClCompile Include="Network\Core\SessionManager.cpp">
      <Filter>Core\Network</Filter>
    </ClCompile>

    <!-- Network Platform - Windows -->
    <ClInclude Include="Network\Platforms\WindowsNetworkEngine.h">
      <Filter>Core\Network\Platforms\Windows</Filter>
    </ClInclude>
    <ClInclude Include="Platforms\Windows\IocpAsyncIOProvider.h">
      <Filter>Core\Network\Platforms\Windows</Filter>
    </ClInclude>
    <ClInclude Include="Platforms\Windows\RIOAsyncIOProvider.h">
      <Filter>Core\Network\Platforms\Windows</Filter>
    </ClInclude>

    <ClCompile Include="Network\Platforms\WindowsNetworkEngine.cpp">
      <Filter>Core\Network\Platforms\Windows</Filter>
    </ClCompile>
    <ClCompile Include="Platforms\Windows\IocpAsyncIOProvider.cpp">
      <Filter>Core\Network\Platforms\Windows</Filter>
    </ClCompile>
    <ClCompile Include="Platforms\Windows\RIOAsyncIOProvider.cpp">
      <Filter>Core\Network\Platforms\Windows</Filter>
    </ClCompile>
    <ClInclude Include="Platforms\Windows\RIOBufferPool.h">
      <Filter>Core\Network\Platforms\Windows</Filter>
    </ClInclude>

    <!-- Network Platform - Linux -->
    <ClInclude Include="Network\Platforms\LinuxNetworkEngine.h">
      <Filter>Core\Network\Platforms\Linux</Filter>
    </ClInclude>
    <ClInclude Include="Platforms\Linux\EpollAsyncIOProvider.h">
      <Filter>Core\Network\Platforms\Linux</Filter>
    </ClInclude>
    <ClInclude Include="Platforms\Linux\IOUringAsyncIOProvider.h">
      <Filter>Core\Network\Platforms\Linux</Filter>
    </ClInclude>
    <ClInclude Include="Platforms\Linux\IOUringBufferPool.h">
      <Filter>Core\Network\Platforms\Linux</Filter>
    </ClInclude>

    <ClCompile Include="Network\Platforms\LinuxNetworkEngine.cpp">
      <Filter>Core\Network\Platforms\Linux</Filter>
    </ClCompile>
    <ClCompile Include="Platforms\Linux\EpollAsyncIOProvider.cpp">
      <Filter>Core\Network\Platforms\Linux</Filter>
    </ClCompile>
    <ClCompile Include="Platforms\Linux\IOUringAsyncIOProvider.cpp">
      <Filter>Core\Network\Platforms\Linux</Filter>
    </ClCompile>

    <!-- Unified Buffer Pool (Windows + Linux) -->
    <ClInclude Include="Platforms\AsyncBufferPool.h">
      <Filter>Core\Network\Platforms</Filter>
    </ClInclude>
    <ClCompile Include="Platforms\AsyncBufferPool.cpp">
      <Filter>Core\Network\Platforms</Filter>
    </ClCompile>

    <!-- Network Platform - macOS -->
    <ClInclude Include="Network\Platforms\macOSNetworkEngine.h">
      <Filter>Core\Network\Platforms\macOS</Filter>
    </ClInclude>
    <ClInclude Include="Platforms\macOS\KqueueAsyncIOProvider.h">
      <Filter>Core\Network\Platforms\macOS</Filter>
    </ClInclude>

    <ClCompile Include="Network\Platforms\macOSNetworkEngine.cpp">
      <Filter>Core\Network\Platforms\macOS</Filter>
    </ClCompile>
    <ClCompile Include="Platforms\macOS\KqueueAsyncIOProvider.cpp">
      <Filter>Core\Network\Platforms\macOS</Filter>
    </ClCompile>
  </ItemGroup>

  <ItemGroup>
    <!-- Interfaces - Database -->
    <ClInclude Include="Interfaces\DatabaseType_enum.h">
      <Filter>Interfaces</Filter>
    </ClInclude>
    <ClInclude Include="Interfaces\DatabaseConfig.h">
      <Filter>Interfaces</Filter>
    </ClInclude>
    <ClInclude Include="Interfaces\DatabaseException.h">
      <Filter>Interfaces</Filter>
    </ClInclude>
    <ClInclude Include="Interfaces\IDatabase.h">
      <Filter>Interfaces</Filter>
    </ClInclude>
    <ClInclude Include="Interfaces\IConnection.h">
      <Filter>Interfaces</Filter>
    </ClInclude>
    <ClInclude Include="Interfaces\IStatement.h">
      <Filter>Interfaces</Filter>
    </ClInclude>
    <ClInclude Include="Interfaces\IResultSet.h">
      <Filter>Interfaces</Filter>
    </ClInclude>
    <ClInclude Include="Interfaces\IConnectionPool.h">
      <Filter>Interfaces</Filter>
    </ClInclude>
    <ClInclude Include="Interfaces\DatabaseUtils.h">
      <Filter>Interfaces</Filter>
    </ClInclude>

    <!-- Interfaces - Message Handling -->
    <ClInclude Include="Interfaces\MessageType_enum.h">
      <Filter>Interfaces</Filter>
    </ClInclude>
    <ClInclude Include="Interfaces\Message.h">
      <Filter>Interfaces</Filter>
    </ClInclude>
    <ClInclude Include="Interfaces\IMessageHandler.h">
      <Filter>Interfaces</Filter>
    </ClInclude>
    <ClInclude Include="Interfaces\IMessageHandler_old.h">
      <Filter>Interfaces</Filter>
    </ClInclude>
    <ClInclude Include="Interfaces\IBufferPool.h">
      <Filter>Interfaces</Filter>
    </ClInclude>
  </ItemGroup>

  <ItemGroup>
    <!-- Implementations - Protocols -->
    <Filter Include="Implementations\Protocols">
      <UniqueIdentifier>{67DA6AB6-F800-4c08-8B7A-83BB121AAD03}</UniqueIdentifier>
    </Filter>
    <ClInclude Include="Implementations\Protocols\BaseMessageHandler.h">
      <Filter>Implementations\Protocols</Filter>
    </ClInclude>
    <ClCompile Include="Implementations\Protocols\BaseMessageHandler.cpp">
      <Filter>Implementations\Protocols</Filter>
    </ClCompile>
  </ItemGroup>

  <ItemGroup>
    <!-- Implementations - Database -->
    <Filter Include="Implementations\Database">
      <UniqueIdentifier>{67DA6AB6-F800-4c08-8B7A-83BB121AAD04}</UniqueIdentifier>
    </Filter>
    <ClInclude Include="Database\DatabaseFactory.h">
      <Filter>Implementations\Database</Filter>
    </ClInclude>
    <ClInclude Include="Database\DatabaseModule.h">
      <Filter>Implementations\Database</Filter>
    </ClInclude>
    <ClInclude Include="Database\ODBCDatabase.h">
      <Filter>Implementations\Database</Filter>
    </ClInclude>
    <ClInclude Include="Database\OLEDBDatabase.h">
      <Filter>Implementations\Database</Filter>
    </ClInclude>
    <ClInclude Include="Database\ConnectionPool.h">
      <Filter>Implementations\Database</Filter>
    </ClInclude>

    <ClCompile Include="Database\DatabaseFactory.cpp">
      <Filter>Implementations\Database</Filter>
    </ClCompile>
    <ClCompile Include="Database\ODBCDatabase.cpp">
      <Filter>Implementations\Database</Filter>
    </ClCompile>
    <ClCompile Include="Database\OLEDBDatabase.cpp">
      <Filter>Implementations\Database</Filter>
    </ClCompile>
    <ClCompile Include="Database\ConnectionPool.cpp">
      <Filter>Implementations\Database</Filter>
    </ClCompile>
  </ItemGroup>

  <ItemGroup>
    <!-- Tests (Examples) -->
    <Filter Include="Tests\Protocols">
      <UniqueIdentifier>{E0F26C9B-B0C6-5d6g-9F8E-0F9G4C3D2B01}</UniqueIdentifier>
    </Filter>
    <ClInclude Include="Tests\Protocols\MessageHandler.h">
      <Filter>Tests\Protocols</Filter>
    </ClInclude>
    <ClInclude Include="Tests\Protocols\PingPong.h">
      <Filter>Tests\Protocols</Filter>
    </ClInclude>
    <ClCompile Include="Tests\Protocols\MessageHandler.cpp">
      <Filter>Tests\Protocols</Filter>
    </ClCompile>
    <ClCompile Include="Tests\Protocols\PingPong.cpp">
      <Filter>Tests\Protocols</Filter>
    </ClCompile>
    <None Include="Tests\AsyncIOTest.cpp">
      <Filter>Tests</Filter>
    </None>
    <None Include="Tests\RIOTest.cpp">
      <Filter>Tests</Filter>
    </None>
    <None Include="Tests\IOUringTest.cpp">
      <Filter>Tests</Filter>
    </None>
    <ClCompile Include="Utils\LockProfiling.cpp">
      <Filter>Utils</Filter>
    </ClCompile>
    <ClCompile Include="Utils\CrashDump.cpp">
      <Filter>Utils</Filter>
    </ClCompile>
  </ItemGroup>

  <ItemGroup>
    <!-- Utils -->
    <ClInclude Include="Utils\BufferManager.h">
      <Filter>Utils</Filter>
    </ClInclude>
    <ClInclude Include="Utils\ConfigManager.h">
      <Filter>Utils</Filter>
    </ClInclude>
    <ClInclude Include="Utils\Logger.h">
      <Filter>Utils</Filter>
    </ClInclude>
    <ClInclude Include="Utils\NetworkTypes.h">
      <Filter>Utils</Filter>
    </ClInclude>
    <ClInclude Include="Utils\NetworkUtils.h">
      <Filter>Utils</Filter>
    </ClInclude>
    <ClInclude Include="Utils\SafeQueue.h">
      <Filter>Utils</Filter>
    </ClInclude>
    <ClInclude Include="Utils\StringUtils.h">
      <Filter>Utils</Filter>
    </ClInclude>
    <ClInclude Include="Utils\ThreadPool.h">
      <Filter>Utils</Filter>
    </ClInclude>
    <ClInclude Include="Utils\Timer.h">
      <Filter>Utils</Filter>
    </ClInclude>
    <ClInclude Include="Utils\CrashDump.h">
      <Filter>Utils</Filter>
    </ClInclude>
    <ClInclude Include="Utils\LockProfiling.h">
      <Filter>Utils</Filter>
    </ClInclude>
    <ClInclude Include="Utils\PingPongConfig.h">
      <Filter>Utils</Filter>
    </ClInclude>
  </ItemGroup>

  <ItemGroup>
    <!-- Concurrency -->
    <ClInclude Include="Concurrency\AsyncScope.h">
      <Filter>Concurrency</Filter>
    </ClInclude>
    <ClInclude Include="Concurrency\BoundedLockFreeQueue.h">
      <Filter>Concurrency</Filter>
    </ClInclude>
    <ClInclude Include="Concurrency\Channel.h">
      <Filter>Concurrency</Filter>
    </ClInclude>
    <ClInclude Include="Concurrency\ConcurrencyRuntime.h">
      <Filter>Concurrency</Filter>
    </ClInclude>
    <ClInclude Include="Concurrency\ExecutionQueue.h">
      <Filter>Concurrency</Filter>
    </ClInclude>
    <ClInclude Include="Concurrency\KeyedDispatcher.h">
      <Filter>Concurrency</Filter>
    </ClInclude>
  </ItemGroup>

  <ItemGroup>
    <!-- Database - Additional -->
    <ClInclude Include="Database\MockDatabase.h">
      <Filter>Implementations\Database</Filter>
    </ClInclude>
    <ClInclude Include="Database\SQLiteDatabase.h">
      <Filter>Implementations\Database</Filter>
    </ClInclude>
    <ClCompile Include="Database\MockDatabase.cpp">
      <Filter>Implementations\Database</Filter>
    </ClCompile>
    <ClCompile Include="Database\SQLiteDatabase.cpp">
      <Filter>Implementations\Database</Filter>
    </ClCompile>
    <ClCompile Include="Database\Examples\BasicUsage.cpp">
      <Filter>Implementations\Database</Filter>
    </ClCompile>
    <ClCompile Include="Database\Examples\ConnectionPoolUsage.cpp">
      <Filter>Implementations\Database</Filter>
    </ClCompile>
  </ItemGroup>

  <ItemGroup>
    <!-- Documentation -->
    <Filter Include="Documentation\Architecture">
      <UniqueIdentifier>{C7208E7F-31AB-4F71-AA51-3403F26FC801}</UniqueIdentifier>
    </Filter>
    <Filter Include="Documentation\Performance">
      <UniqueIdentifier>{C7208E7F-31AB-4F71-AA51-3403F26FC802}</UniqueIdentifier>
    </Filter>
    <Filter Include="Documentation\Database">
      <UniqueIdentifier>{B7961C06-14F9-4F14-84DC-C38CA29AD092}</UniqueIdentifier>
    </Filter>
    <Filter Include="Documentation\Network">
      <UniqueIdentifier>{C7208E7F-31AB-4F71-AA51-3403F26FC803}</UniqueIdentifier>
    </Filter>
    <Filter Include="Documentation\Development">
      <UniqueIdentifier>{C7208E7F-31AB-4F71-AA51-3403F26FC804}</UniqueIdentifier>
    </Filter>

    <!-- Main Documentation -->
    <None Include="..\..\README.md">
      <Filter>Documentation</Filter>
    </None>
    <None Include="..\..\Doc\README.md">
      <Filter>Documentation</Filter>
    </None>
    <None Include="..\..\Doc\01_ProjectOverview.md">
      <Filter>Documentation</Filter>
    </None>
    <None Include="..\..\Doc\02_Architecture.md">
      <Filter>Documentation</Filter>
    </None>
    <None Include="..\..\Doc\03_Protocol.md">
      <Filter>Documentation</Filter>
    </None>
    <None Include="..\..\Doc\04_API.md">
      <Filter>Documentation</Filter>
    </None>
    <None Include="..\..\Doc\05_DevelopmentGuide.md">
      <Filter>Documentation</Filter>
    </None>
    <None Include="..\..\Doc\06_SolutionGuide.md">
      <Filter>Documentation</Filter>
    </None>

    <!-- Architecture Documentation -->
    <None Include="..\..\Doc\Architecture\AsyncDB.md">
      <Filter>Documentation\Architecture</Filter>
    </None>
    <None Include="..\..\Doc\Architecture\CrossPlatform.md">
      <Filter>Documentation\Architecture</Filter>
    </None>
    <None Include="..\..\Doc\Architecture\MultiplatformEngine.md">
      <Filter>Documentation\Architecture</Filter>
    </None>
    <None Include="..\..\Doc\Architecture\NetworkArchitecture.md">
      <Filter>Documentation\Architecture</Filter>
    </None>
    <None Include="..\..\Doc\Architecture\PLATFORM_STRUCTURE_ANALYSIS.md">
      <Filter>Documentation\Architecture</Filter>
    </None>
    <None Include="..\..\Doc\Architecture\ServerMigration.md">
      <Filter>Documentation\Architecture</Filter>
    </None>

    <!-- Performance Documentation -->
    <None Include="..\..\Doc\Performance\Benchmarking.md">
      <Filter>Documentation\Performance</Filter>
    </None>
    <None Include="..\..\Doc\Performance\LockContentionAnalysis.md">
      <Filter>Documentation\Performance</Filter>
    </None>
    <None Include="..\..\Doc\Performance\VALUE_COPY_OPTIMIZATION.md">
      <Filter>Documentation\Performance</Filter>
    </None>

    <!-- Database Documentation -->
    <None Include="..\..\Doc\Database\MigrationGuide.md">
      <Filter>Documentation\Database</Filter>
    </None>
    <None Include="..\..\Doc\Database\README.md">
      <Filter>Documentation\Database</Filter>
    </None>

    <!-- Network Documentation -->
    <None Include="..\..\Doc\Network\APIDesign.md">
      <Filter>Documentation\Network</Filter>
    </None>
    <None Include="..\..\Doc\Network\CodingConventions.md">
      <Filter>Documentation\Network</Filter>
    </None>
    <None Include="..\..\Doc\Network\IOCPAnalysis.md">
      <Filter>Documentation\Network</Filter>
    </None>

    <!-- Development Documentation -->
    <None Include="..\..\Doc\Development\CMakeBuild.md">
      <Filter>Documentation\Development</Filter>
    </None>
    <None Include="..\..\Doc\Development\FILTER_REORGANIZATION.md">
      <Filter>Documentation\Development</Filter>
    </None>
    <None Include="..\..\Doc\Development\NamingConventions.md">
      <Filter>Documentation\Development</Filter>
    </None>
    <None Include="..\..\Doc\Development\UnitTesting.md">
      <Filter>Documentation\Development</Filter>
    </None>
  </ItemGroup>

  <ItemGroup>
    <!-- Benchmark -->
    <Filter Include="Benchmark">
      <UniqueIdentifier>{B1E2F3A4-C5D6-7890-ABCD-EF1234567891}</UniqueIdentifier>
    </Filter>
  </ItemGroup>
  <ItemGroup>
    <None Include="Benchmark\ThroughputBench.cpp">
      <Filter>Benchmark</Filter>
    </None>
    <None Include="Benchmark\LatencyBench.cpp">
      <Filter>Benchmark</Filter>
    </None>
  </ItemGroup>
</Project>
