<?xml version="1.0" encoding="utf-8"?>
<Project ToolsVersion="4.0" xmlns="http://schemas.microsoft.com/developer/msbuild/2003">
  <ItemGroup>
    <!-- Root Filters -->
    <Filter Include="Core">
      <UniqueIdentifier>{4FC737F1-C7A5-4376-A066-2A32D752A2FF}</UniqueIdentifier>
    </Filter>
    <Filter Include="Interfaces">
      <UniqueIdentifier>{93995380-89BD-4b04-88EB-625FBE52EBFB}</UniqueIdentifier>
    </Filter>
    <Filter Include="Implementations">
      <UniqueIdentifier>{67DA6AB6-F800-4c08-8B7A-83BB121AAD01}</UniqueIdentifier>
    </Filter>
    <Filter Include="Platform">
      <UniqueIdentifier>{D0F16B8A-A9B5-4c5f-8E7D-9E8F3B2C1A0D}</UniqueIdentifier>
    </Filter>
    <Filter Include="Utils">
      <UniqueIdentifier>{67DA6AB6-F800-4c08-8B7A-83BB121AAD02}</UniqueIdentifier>
    </Filter>
    <Filter Include="Examples">
      <UniqueIdentifier>{E0F26C9B-B0C6-5d6g-9F8E-0F9G4C3D2B1E}</UniqueIdentifier>
    </Filter>
  </ItemGroup>
  <ItemGroup>
    <!-- Interfaces - Database -->
    <ClInclude Include="Interfaces\DatabaseType_enum.h">
      <Filter>Interfaces</Filter>
    </ClInclude>
    <ClInclude Include="Interfaces\DatabaseConfig.h">
      <Filter>Interfaces</Filter>
    </ClInclude>
    <ClInclude Include="Interfaces\DatabaseException.h">
      <Filter>Interfaces</Filter>
    </ClInclude>
    <ClInclude Include="Interfaces\IDatabase.h">
      <Filter>Interfaces</Filter>
    </ClInclude>
    <ClInclude Include="Interfaces\IConnection.h">
      <Filter>Interfaces</Filter>
    </ClInclude>
    <ClInclude Include="Interfaces\IStatement.h">
      <Filter>Interfaces</Filter>
    </ClInclude>
    <ClInclude Include="Interfaces\IResultSet.h">
      <Filter>Interfaces</Filter>
    </ClInclude>
    <ClInclude Include="Interfaces\IConnectionPool.h">
      <Filter>Interfaces</Filter>
    </ClInclude>
    <ClInclude Include="Interfaces\DatabaseUtils.h">
      <Filter>Interfaces</Filter>
    </ClInclude>
    <!-- Interfaces - Message Handling -->
    <ClInclude Include="Interfaces\MessageType_enum.h">
      <Filter>Interfaces</Filter>
    </ClInclude>
    <ClInclude Include="Interfaces\Message.h">
      <Filter>Interfaces</Filter>
    </ClInclude>
    <ClInclude Include="Interfaces\IMessageHandler.h">
      <Filter>Interfaces</Filter>
    </ClInclude>
  </ItemGroup>
  <ItemGroup>
    <!-- Core - Network -->
    <Filter Include="Core\Network">
      <UniqueIdentifier>{4FC737F1-C7A5-4376-A066-2A32D752A301}</UniqueIdentifier>
    </Filter>
    <ClInclude Include="Network\Core\AsyncIOProvider.h">
      <Filter>Core\Network</Filter>
    </ClInclude>
    <ClInclude Include="Network\Core\NetworkEngine.h">
      <Filter>Core\Network</Filter>
    </ClInclude>
    <ClInclude Include="Network\Core\PlatformDetect.h">
      <Filter>Core\Network</Filter>
    </ClInclude>
    <ClInclude Include="Network\Core\PacketDefine.h">
      <Filter>Core\Network</Filter>
    </ClInclude>
    <ClInclude Include="Network\Core\ServerPacketDefine.h">
      <Filter>Core\Network</Filter>
    </ClInclude>
    <ClInclude Include="Network\Core\Session.h">
      <Filter>Core\Network</Filter>
    </ClInclude>
    <ClInclude Include="Network\Core\SessionManager.h">
      <Filter>Core\Network</Filter>
    </ClInclude>
    <ClInclude Include="Network\Core\IOCPNetworkEngine.h">
      <Filter>Core\Network</Filter>
    </ClInclude>
    <ClCompile Include="Network\Core\AsyncIOProvider.cpp">
      <Filter>Core\Network</Filter>
    </ClCompile>
    <ClCompile Include="Network\Core\PlatformDetect.cpp">
      <Filter>Core\Network</Filter>
    </ClCompile>
    <ClCompile Include="Network\Core\Session.cpp">
      <Filter>Core\Network</Filter>
    </ClCompile>
    <ClCompile Include="Network\Core\SessionManager.cpp">
      <Filter>Core\Network</Filter>
    </ClCompile>
    <ClCompile Include="Network\Core\IOCPNetworkEngine.cpp">
      <Filter>Core\Network</Filter>
    </ClCompile>
  </ItemGroup>
  <ItemGroup>
    <!-- Implementations - Protocols -->
    <Filter Include="Implementations\Protocols">
      <UniqueIdentifier>{67DA6AB6-F800-4c08-8B7A-83BB121AAD03}</UniqueIdentifier>
    </Filter>
    <ClInclude Include="Implementations\Protocols\BaseMessageHandler.h">
      <Filter>Implementations\Protocols</Filter>
    </ClInclude>
    <ClCompile Include="Implementations\Protocols\BaseMessageHandler.cpp">
      <Filter>Implementations\Protocols</Filter>
    </ClCompile>
  </ItemGroup>
  <ItemGroup>
    <!-- Implementations - Database -->
    <Filter Include="Implementations\Database">
      <UniqueIdentifier>{67DA6AB6-F800-4c08-8B7A-83BB121AAD04}</UniqueIdentifier>
    </Filter>
    <Filter Include="Implementations\Database\Legacy">
      <UniqueIdentifier>{67DA6AB6-F800-4c08-8B7A-83BB121AAD05}</UniqueIdentifier>
    </Filter>
    <ClInclude Include="Database\DatabaseFactory.h">
      <Filter>Implementations\Database</Filter>
    </ClInclude>
    <ClInclude Include="Database\DatabaseModule.h">
      <Filter>Implementations\Database</Filter>
    </ClInclude>
    <ClInclude Include="Database\ODBCDatabase.h">
      <Filter>Implementations\Database</Filter>
    </ClInclude>
    <ClInclude Include="Database\OLEDBDatabase.h">
      <Filter>Implementations\Database</Filter>
    </ClInclude>
    <ClInclude Include="Database\ConnectionPool.h">
      <Filter>Implementations\Database</Filter>
    </ClInclude>
    <ClCompile Include="Database\DatabaseFactory.cpp">
      <Filter>Implementations\Database</Filter>
    </ClCompile>
    <ClCompile Include="Database\ODBCDatabase.cpp">
      <Filter>Implementations\Database</Filter>
    </ClCompile>
    <ClCompile Include="Database\OLEDBDatabase.cpp">
      <Filter>Implementations\Database</Filter>
    </ClCompile>
    <ClCompile Include="Database\ConnectionPool.cpp">
      <Filter>Implementations\Database</Filter>
    </ClCompile>
    <ClInclude Include="Database\DBConnection.h">
      <Filter>Implementations\Database\Legacy</Filter>
    </ClInclude>
    <ClInclude Include="Database\DBConnectionPool.h">
      <Filter>Implementations\Database\Legacy</Filter>
    </ClInclude>
    <ClCompile Include="Database\DBConnection.cpp">
      <Filter>Implementations\Database\Legacy</Filter>
    </ClCompile>
    <ClCompile Include="Database\DBConnectionPool.cpp">
      <Filter>Implementations\Database\Legacy</Filter>
    </ClCompile>
  </ItemGroup>
  <ItemGroup>
    <!-- Platform - Windows -->
    <Filter Include="Platform\Windows">
      <UniqueIdentifier>{D0F16B8A-A9B5-4c5f-8E7D-9E8F3B2C1A01}</UniqueIdentifier>
    </Filter>
    <ClInclude Include="Platforms\Windows\IocpAsyncIOProvider.h">
      <Filter>Platform\Windows</Filter>
    </ClInclude>
    <ClInclude Include="Platforms\Windows\RIOAsyncIOProvider.h">
      <Filter>Platform\Windows</Filter>
    </ClInclude>
    <ClCompile Include="Platforms\Windows\IocpAsyncIOProvider.cpp">
      <Filter>Platform\Windows</Filter>
    </ClCompile>
    <ClCompile Include="Platforms\Windows\RIOAsyncIOProvider.cpp">
      <Filter>Platform\Windows</Filter>
    </ClCompile>
  </ItemGroup>
  <ItemGroup>
    <!-- Platform - Linux -->
    <Filter Include="Platform\Linux">
      <UniqueIdentifier>{D0F16B8A-A9B5-4c5f-8E7D-9E8F3B2C1A02}</UniqueIdentifier>
    </Filter>
    <ClInclude Include="Platforms\Linux\EpollAsyncIOProvider.h">
      <Filter>Platform\Linux</Filter>
    </ClInclude>
    <ClInclude Include="Platforms\Linux\IOUringAsyncIOProvider.h">
      <Filter>Platform\Linux</Filter>
    </ClInclude>
    <ClCompile Include="Platforms\Linux\EpollAsyncIOProvider.cpp">
      <Filter>Platform\Linux</Filter>
    </ClCompile>
    <ClCompile Include="Platforms\Linux\IOUringAsyncIOProvider.cpp">
      <Filter>Platform\Linux</Filter>
    </ClCompile>
  </ItemGroup>
  <ItemGroup>
    <!-- Platform - macOS -->
    <Filter Include="Platform\macOS">
      <UniqueIdentifier>{D0F16B8A-A9B5-4c5f-8E7D-9E8F3B2C1A03}</UniqueIdentifier>
    </Filter>
    <ClInclude Include="Platforms\macOS\KqueueAsyncIOProvider.h">
      <Filter>Platform\macOS</Filter>
    </ClInclude>
    <ClCompile Include="Platforms\macOS\KqueueAsyncIOProvider.cpp">
      <Filter>Platform\macOS</Filter>
    </ClCompile>
  </ItemGroup>
  <ItemGroup>
    <!-- Examples (For Reference) -->
    <Filter Include="Examples\Protocols">
      <UniqueIdentifier>{E0F26C9B-B0C6-5d6g-9F8E-0F9G4C3D2B01}</UniqueIdentifier>
    </Filter>
    <ClInclude Include="Tests\Protocols\MessageHandler.h">
      <Filter>Examples\Protocols</Filter>
    </ClInclude>
    <ClInclude Include="Tests\Protocols\PingPong.h">
      <Filter>Examples\Protocols</Filter>
    </ClInclude>
    <ClCompile Include="Tests\Protocols\MessageHandler.cpp">
      <Filter>Examples\Protocols</Filter>
    </ClCompile>
    <ClCompile Include="Tests\Protocols\PingPong.cpp">
      <Filter>Examples\Protocols</Filter>
    </ClCompile>
  </ItemGroup>
  <ItemGroup>
    <!-- Utils -->
    <ClInclude Include="Utils\BufferManager.h">
      <Filter>Utils</Filter>
    </ClInclude>
    <ClInclude Include="Utils\ConfigManager.h">
      <Filter>Utils</Filter>
    </ClInclude>
    <ClInclude Include="Utils\Logger.h">
      <Filter>Utils</Filter>
    </ClInclude>
    <ClInclude Include="Utils\NetworkTypes.h">
      <Filter>Utils</Filter>
    </ClInclude>
    <ClInclude Include="Utils\NetworkUtils.h">
      <Filter>Utils</Filter>
    </ClInclude>
    <ClInclude Include="Utils\SafeQueue.h">
      <Filter>Utils</Filter>
    </ClInclude>
    <ClInclude Include="Utils\StringUtils.h">
      <Filter>Utils</Filter>
    </ClInclude>
    <ClInclude Include="Utils\ThreadPool.h">
      <Filter>Utils</Filter>
    </ClInclude>
    <ClInclude Include="Utils\Timer.h">
      <Filter>Utils</Filter>
    </ClInclude>
  </ItemGroup>
  <ItemGroup>
    <None Include="Tests\AsyncIOTest.cpp" />
  </ItemGroup>
  <ItemGroup>
    <ClCompile Include="Database\ODBCDatabase_new.cpp" />
  </ItemGroup>
  <ItemGroup>
    <Filter Include="Documentation">
      <UniqueIdentifier>{C7208E7F-31AB-4F71-AA51-3403F26FC837}</UniqueIdentifier>
    </Filter>
    <Filter Include="Documentation\Database">
      <UniqueIdentifier>{B7961C06-14F9-4F14-84DC-C38CA29AD092}</UniqueIdentifier>
    </Filter>
  </ItemGroup>
  <ItemGroup>
    <None Include="Database\COMPILER_FIXES.md">
      <Filter>Documentation\Database</Filter>
    </None>
    <None Include="Database\MIGRATION_GUIDE.md">
      <Filter>Documentation\Database</Filter>
    </None>
    <None Include="Database\README.md">
      <Filter>Documentation\Database</Filter>
    </None>
    <None Include="REFACTORING_PLAN.md">
      <Filter>Documentation</Filter>
    </None>
  </ItemGroup>
</Project>