<?xml version="1.0" encoding="utf-8"?>
<Project ToolsVersion="4.0" xmlns="http://schemas.microsoft.com/developer/msbuild/2003">
  <ItemGroup>
    <Filter Include="Client">
      <UniqueIdentifier>{4FC737F1-C7A5-4376-A066-2A32D752A2FF}</UniqueIdentifier>
    </Filter>
    <Filter Include="Network">
      <UniqueIdentifier>{93995380-89BD-4b04-88EB-625FBE52EBFB}</UniqueIdentifier>
    </Filter>
    <Filter Include="Input">
      <UniqueIdentifier>{67DA6AB6-F800-4c08-8B7A-83BB121AAD01}</UniqueIdentifier>
    </Filter>
    <Filter Include="Statistics">
      <UniqueIdentifier>{67DA6AB6-F800-4c08-8B7A-83BB121AAD02}</UniqueIdentifier>
    </Filter>
  </ItemGroup>

  <ItemGroup>
    <!-- Client -->
    <ClCompile Include="main.cpp">
      <Filter>Client</Filter>
    </ClCompile>
    <ClCompile Include="src\TestClient.cpp">
      <Filter>Client</Filter>
    </ClCompile>
    <ClInclude Include="include\TestClient.h">
      <Filter>Client</Filter>
    </ClInclude>

    <!-- Network -->
    <ClCompile Include="src\PacketStream.cpp">
      <Filter>Network</Filter>
    </ClCompile>
    <ClInclude Include="include\PacketStream.h">
      <Filter>Network</Filter>
    </ClInclude>
    <ClInclude Include="include\PlatformSocket.h">
      <Filter>Network</Filter>
    </ClInclude>

    <!-- Input -->
    <ClInclude Include="include\PlatformInput.h">
      <Filter>Input</Filter>
    </ClInclude>

    <!-- Statistics -->
    <ClCompile Include="src\LatencyStats.cpp">
      <Filter>Statistics</Filter>
    </ClCompile>
    <ClInclude Include="include\LatencyStats.h">
      <Filter>Statistics</Filter>
    </ClInclude>
  </ItemGroup>
</Project>
